
Microsoft Visual Studio Solution File, Format Version 12.00
# Visual Studio Version 17
VisualStudioVersion = 17.0.32002.185
MinimumVisualStudioVersion = 10.0.40219.1
Project("{9A19103F-16F7-4668-BE54-9A1E7A4F7556}") = "BlazorLocalStorageError", "BlazorLocalStorageError\BlazorLocalStorageError.csproj", "{4D818CC3-A501-4CBA-8F9A-90EE73C3FE92}"
EndProject
Global
	GlobalSection(SolutionConfigurationPlatforms) = preSolution
		Debug|Any CPU = Debug|Any CPU
		Release|Any CPU = Release|Any CPU
	EndGlobalSection
	GlobalSection(ProjectConfigurationPlatforms) = postSolution
		{4D818CC3-A501-4CBA-8F9A-90EE73C3FE92}.Debug|Any CPU.ActiveCfg = Debug|Any CPU
		{4D818CC3-A501-4CBA-8F9A-90EE73C3FE92}.Debug|Any CPU.Build.0 = Debug|Any CPU
		{4D818CC3-A501-4CBA-8F9A-90EE73C3FE92}.Release|Any CPU.ActiveCfg = Release|Any CPU
		{4D818CC3-A501-4CBA-8F9A-90EE73C3FE92}.Release|Any CPU.Build.0 = Release|Any CPU
	EndGlobalSection
	GlobalSection(SolutionProperties) = preSolution
		HideSolutionNode = FALSE
	EndGlobalSection
	GlobalSection(ExtensibilityGlobals) = postSolution
		SolutionGuid = {082CC532-EC62-41D7-A18F-C8236A6BA881}
	EndGlobalSection
EndGlobal
